<?xml version="1.0" encoding="utf-8"?>
<Project ToolsVersion="4.0" xmlns="http://schemas.microsoft.com/developer/msbuild/2003">
  <ItemGroup>
    <Filter Include="Framework">
      <UniqueIdentifier>{01bca0fd-04db-4cd2-8f0d-4995eb334a1a}</UniqueIdentifier>
    </Filter>
    <Filter Include="Framework\Platform">
      <UniqueIdentifier>{f9325356-e1f1-4b5b-92c2-7588724e281a}</UniqueIdentifier>
    </Filter>
    <Filter Include="Framework\Platform\Win32">
      <UniqueIdentifier>{fd06981d-4933-43ea-8184-2d65fc1a2259}</UniqueIdentifier>
    </Filter>
    <Filter Include="Framework\Render">
      <UniqueIdentifier>{096caee6-62c3-4b50-899f-d0a7b488027b}</UniqueIdentifier>
    </Filter>
    <Filter Include="Framework\Math">
      <UniqueIdentifier>{abdb2d80-2f04-4aee-83ed-4bfd5dae2210}</UniqueIdentifier>
    </Filter>
    <Filter Include="Framework\ThirdParty">
      <UniqueIdentifier>{e170c83c-db5f-4180-8fbd-0ff0e6522b84}</UniqueIdentifier>
    </Filter>
    <Filter Include="Framework\ThirdParty\zlib">
      <UniqueIdentifier>{1174c299-dc3f-477b-a2e1-a48d8b57b366}</UniqueIdentifier>
    </Filter>
    <Filter Include="Framework\ThirdParty\libpng">
      <UniqueIdentifier>{23c8ef90-f6c5-499e-a6e1-60ecffc4ed63}</UniqueIdentifier>
    </Filter>
    <Filter Include="Framework\Image">
      <UniqueIdentifier>{413dd79d-bdd1-40a0-9adf-70812e0a1a5f}</UniqueIdentifier>
    </Filter>
  </ItemGroup>
  <ItemGroup>
    <ClInclude Include="Framework\GameApp.h">
      <Filter>Framework</Filter>
    </ClInclude>
    <ClInclude Include="HalliGalli.h" />
    <ClInclude Include="Framework\Render\Render.h">
      <Filter>Framework\Render</Filter>
    </ClInclude>
    <ClInclude Include="Framework\Math\Vertex.h">
      <Filter>Framework\Math</Filter>
    </ClInclude>
    <ClInclude Include="Framework\Render\RenderColor.h">
      <Filter>Framework\Render</Filter>
    </ClInclude>
    <ClInclude Include="Framework\Render\RenderUV.h">
      <Filter>Framework\Render</Filter>
    </ClInclude>
    <ClInclude Include="Framework\Render\RenderVertex.h">
      <Filter>Framework\Render</Filter>
    </ClInclude>
    <ClInclude Include="Framework\ThirdParty\zlib\crc32.h">
      <Filter>Framework\ThirdParty\zlib</Filter>
    </ClInclude>
    <ClInclude Include="Framework\ThirdParty\zlib\deflate.h">
      <Filter>Framework\ThirdParty\zlib</Filter>
    </ClInclude>
    <ClInclude Include="Framework\ThirdParty\zlib\inffast.h">
      <Filter>Framework\ThirdParty\zlib</Filter>
    </ClInclude>
    <ClInclude Include="Framework\ThirdParty\zlib\inffixed.h">
      <Filter>Framework\ThirdParty\zlib</Filter>
    </ClInclude>
    <ClInclude Include="Framework\ThirdParty\zlib\inflate.h">
      <Filter>Framework\ThirdParty\zlib</Filter>
    </ClInclude>
    <ClInclude Include="Framework\ThirdParty\zlib\inftrees.h">
      <Filter>Framework\ThirdParty\zlib</Filter>
    </ClInclude>
    <ClInclude Include="Framework\ThirdParty\zlib\trees.h">
      <Filter>Framework\ThirdParty\zlib</Filter>
    </ClInclude>
    <ClInclude Include="Framework\ThirdParty\zlib\zconf.h">
      <Filter>Framework\ThirdParty\zlib</Filter>
    </ClInclude>
    <ClInclude Include="Framework\ThirdParty\zlib\zlib.h">
      <Filter>Framework\ThirdParty\zlib</Filter>
    </ClInclude>
    <ClInclude Include="Framework\ThirdParty\zlib\zutil.h">
      <Filter>Framework\ThirdParty\zlib</Filter>
    </ClInclude>
    <ClInclude Include="Framework\ThirdParty\zlib\gzguts.h">
      <Filter>Framework\ThirdParty\zlib</Filter>
    </ClInclude>
    <ClInclude Include="Framework\ThirdParty\libpng\png.h">
      <Filter>Framework\ThirdParty\libpng</Filter>
    </ClInclude>
    <ClInclude Include="Framework\ThirdParty\libpng\pngconf.h">
      <Filter>Framework\ThirdParty\libpng</Filter>
    </ClInclude>
    <ClInclude Include="Framework\ThirdParty\libpng\pngdebug.h">
      <Filter>Framework\ThirdParty\libpng</Filter>
    </ClInclude>
    <ClInclude Include="Framework\ThirdParty\libpng\pnginfo.h">
      <Filter>Framework\ThirdParty\libpng</Filter>
    </ClInclude>
    <ClInclude Include="Framework\ThirdParty\libpng\pngpriv.h">
      <Filter>Framework\ThirdParty\libpng</Filter>
    </ClInclude>
    <ClInclude Include="Framework\ThirdParty\libpng\pngstruct.h">
      <Filter>Framework\ThirdParty\libpng</Filter>
    </ClInclude>
    <ClInclude Include="Framework\Image\ImageData.h">
      <Filter>Framework\Image</Filter>
    </ClInclude>
    <ClInclude Include="Framework\Render\Texture.h">
      <Filter>Framework\Render</Filter>
    </ClInclude>
    <ClInclude Include="Framework\Render\TextureManager.h">
      <Filter>Framework\Render</Filter>
    </ClInclude>
    <ClInclude Include="Framework\Render\RenderHeader.h">
      <Filter>Framework\Render</Filter>
    </ClInclude>
  </ItemGroup>
  <ItemGroup>
    <ClCompile Include="Framework\GameApp.cpp">
      <Filter>Framework</Filter>
    </ClCompile>
    <ClCompile Include="Framework\Platform\Win32\WinMain.cpp">
      <Filter>Framework\Platform\Win32</Filter>
    </ClCompile>
    <ClCompile Include="HalliGalli.cpp" />
    <ClCompile Include="Framework\Math\Vertex.cpp">
      <Filter>Framework\Math</Filter>
    </ClCompile>
    <ClCompile Include="Framework\Render\Render.cpp">
      <Filter>Framework\Render</Filter>
    </ClCompile>
    <ClCompile Include="Framework\Render\RenderColor.cpp">
      <Filter>Framework\Render</Filter>
    </ClCompile>
    <ClCompile Include="Framework\Render\RenderUV.cpp">
      <Filter>Framework\Render</Filter>
    </ClCompile>
    <ClCompile Include="Framework\Render\RenderVertex.cpp">
      <Filter>Framework\Render</Filter>
    </ClCompile>
    <ClCompile Include="Framework\ThirdParty\zlib\adler32.c">
      <Filter>Framework\ThirdParty\zlib</Filter>
    </ClCompile>
    <ClCompile Include="Framework\ThirdParty\zlib\compress.c">
      <Filter>Framework\ThirdParty\zlib</Filter>
    </ClCompile>
    <ClCompile Include="Framework\ThirdParty\zlib\crc32.c">
      <Filter>Framework\ThirdParty\zlib</Filter>
    </ClCompile>
    <ClCompile Include="Framework\ThirdParty\zlib\deflate.c">
      <Filter>Framework\ThirdParty\zlib</Filter>
    </ClCompile>
    <ClCompile Include="Framework\ThirdParty\zlib\infback.c">
      <Filter>Framework\ThirdParty\zlib</Filter>
    </ClCompile>
    <ClCompile Include="Framework\ThirdParty\zlib\inffast.c">
      <Filter>Framework\ThirdParty\zlib</Filter>
    </ClCompile>
    <ClCompile Include="Framework\ThirdParty\zlib\inflate.c">
      <Filter>Framework\ThirdParty\zlib</Filter>
    </ClCompile>
    <ClCompile Include="Framework\ThirdParty\zlib\inftrees.c">
      <Filter>Framework\ThirdParty\zlib</Filter>
    </ClCompile>
    <ClCompile Include="Framework\ThirdParty\zlib\trees.c">
      <Filter>Framework\ThirdParty\zlib</Filter>
    </ClCompile>
    <ClCompile Include="Framework\ThirdParty\zlib\uncompr.c">
      <Filter>Framework\ThirdParty\zlib</Filter>
    </ClCompile>
    <ClCompile Include="Framework\ThirdParty\zlib\zutil.c">
      <Filter>Framework\ThirdParty\zlib</Filter>
    </ClCompile>
    <ClCompile Include="Framework\ThirdParty\zlib\gzclose.c">
      <Filter>Framework\ThirdParty\zlib</Filter>
    </ClCompile>
    <ClCompile Include="Framework\ThirdParty\zlib\gzlib.c">
      <Filter>Framework\ThirdParty\zlib</Filter>
    </ClCompile>
    <ClCompile Include="Framework\ThirdParty\zlib\gzread.c">
      <Filter>Framework\ThirdParty\zlib</Filter>
    </ClCompile>
    <ClCompile Include="Framework\ThirdParty\zlib\gzwrite.c">
      <Filter>Framework\ThirdParty\zlib</Filter>
    </ClCompile>
    <ClCompile Include="Framework\ThirdParty\libpng\png.c">
      <Filter>Framework\ThirdParty\libpng</Filter>
    </ClCompile>
    <ClCompile Include="Framework\ThirdParty\libpng\pngerror.c">
      <Filter>Framework\ThirdParty\libpng</Filter>
    </ClCompile>
    <ClCompile Include="Framework\ThirdParty\libpng\pngget.c">
      <Filter>Framework\ThirdParty\libpng</Filter>
    </ClCompile>
    <ClCompile Include="Framework\ThirdParty\libpng\pngmem.c">
      <Filter>Framework\ThirdParty\libpng</Filter>
    </ClCompile>
    <ClCompile Include="Framework\ThirdParty\libpng\pngpread.c">
      <Filter>Framework\ThirdParty\libpng</Filter>
    </ClCompile>
    <ClCompile Include="Framework\ThirdParty\libpng\pngread.c">
      <Filter>Framework\ThirdParty\libpng</Filter>
    </ClCompile>
    <ClCompile Include="Framework\ThirdParty\libpng\pngrio.c">
      <Filter>Framework\ThirdParty\libpng</Filter>
    </ClCompile>
    <ClCompile Include="Framework\ThirdParty\libpng\pngrtran.c">
      <Filter>Framework\ThirdParty\libpng</Filter>
    </ClCompile>
    <ClCompile Include="Framework\ThirdParty\libpng\pngrutil.c">
      <Filter>Framework\ThirdParty\libpng</Filter>
    </ClCompile>
    <ClCompile Include="Framework\ThirdParty\libpng\pngset.c">
      <Filter>Framework\ThirdParty\libpng</Filter>
    </ClCompile>
    <ClCompile Include="Framework\ThirdParty\libpng\pngtrans.c">
      <Filter>Framework\ThirdParty\libpng</Filter>
    </ClCompile>
    <ClCompile Include="Framework\ThirdParty\libpng\pngwio.c">
      <Filter>Framework\ThirdParty\libpng</Filter>
    </ClCompile>
    <ClCompile Include="Framework\ThirdParty\libpng\pngwrite.c">
      <Filter>Framework\ThirdParty\libpng</Filter>
    </ClCompile>
    <ClCompile Include="Framework\ThirdParty\libpng\pngwtran.c">
      <Filter>Framework\ThirdParty\libpng</Filter>
    </ClCompile>
    <ClCompile Include="Framework\ThirdParty\libpng\pngwutil.c">
      <Filter>Framework\ThirdParty\libpng</Filter>
    </ClCompile>
    <ClCompile Include="Framework\Image\ImageData.cpp">
      <Filter>Framework\Image</Filter>
    </ClCompile>
    <ClCompile Include="Framework\Render\Texture.cpp">
      <Filter>Framework\Render</Filter>
    </ClCompile>
    <ClCompile Include="Framework\Render\TextureManager.cpp">
      <Filter>Framework\Render</Filter>
    </ClCompile>
  </ItemGroup>
</Project>